
Microsoft Visual Studio Solution File, Format Version 12.00
# Visual Studio Version 17
VisualStudioVersion = 17.6.33723.286
MinimumVisualStudioVersion = 10.0.40219.1
Project("{6EC3EE1D-3C4E-46DD-8F32-0CC8E7565705}") = "HFPD", "HFPD\HFPD.fsproj", "{329FCD40-9D7A-4AE4-9AFE-EFA83E9B64A7}"
EndProject
Project("{6EC3EE1D-3C4E-46DD-8F32-0CC8E7565705}") = "libHF", "libHF\libHF.fsproj", "{8EB4939A-AC39-4205-9DBF-EF5E64CDD774}"
EndProject
Project("{6EC3EE1D-3C4E-46DD-8F32-0CC8E7565705}") = "libHF.Tests", "libHF.Tests\libHF.Tests.fsproj", "{4750E722-54FF-40FA-821C-8AC14B95419A}"
EndProject
Project("{F2A71F9B-5D33-465A-A702-920D77279786}") = "HFPDd.Core", "HFPDd.Core\HFPDd.Core.fsproj", "{9C7B1058-2ED9-4823-9A5B-2BDBF0EC1FD8}"
EndProject
Project("{F2A71F9B-5D33-465A-A702-920D77279786}") = "HFPDd", "HFPDd\HFPDd.fsproj", "{26EB77BF-A23C-43F8-A5DE-1D3221B1EC8B}"
EndProject
Project("{F2A71F9B-5D33-465A-A702-920D77279786}") = "HFPDd.Tests", "HFPDd.Tests\HFPDd.Tests.fsproj", "{C456115F-6F04-488D-AE48-E9688B8D6EFD}"
EndProject
Project("{2150E333-8FDC-42A3-9474-1A3956D46DE8}") = "HFPDd", "HFPDd", "{60C09D40-7440-4280-A97D-75B395700066}"
EndProject
Project("{2150E333-8FDC-42A3-9474-1A3956D46DE8}") = "Tests", "Tests", "{CD4ACF27-56DB-4595-B9C3-25F1B2F0E4B5}"
EndProject
Project("{2150E333-8FDC-42A3-9474-1A3956D46DE8}") = "libHF", "libHF", "{05C3C5FF-6BF5-4D7B-97A8-2C5A0CD66263}"
EndProject
Project("{2150E333-8FDC-42A3-9474-1A3956D46DE8}") = "Tests", "Tests", "{2C69101A-609B-4F6E-9B90-2CF851702E09}"
EndProject
Project("{2150E333-8FDC-42A3-9474-1A3956D46DE8}") = "HFPD", "HFPD", "{B507C9A2-EA38-453A-88A1-169D87EE4E65}"
EndProject
Project("{F2A71F9B-5D33-465A-A702-920D77279786}") = "HFPDd.Core.Tests", "HFPDd\HFPDd.Core.Tests\HFPDd.Core.Tests.fsproj", "{85BA2C45-BF52-4120-865A-40BC3272DFC2}"
EndProject
Global
	GlobalSection(SolutionConfigurationPlatforms) = preSolution
		Debug|Any CPU = Debug|Any CPU
		Release|Any CPU = Release|Any CPU
	EndGlobalSection
	GlobalSection(ProjectConfigurationPlatforms) = postSolution
		{329FCD40-9D7A-4AE4-9AFE-EFA83E9B64A7}.Debug|Any CPU.ActiveCfg = Debug|Any CPU
		{329FCD40-9D7A-4AE4-9AFE-EFA83E9B64A7}.Debug|Any CPU.Build.0 = Debug|Any CPU
		{329FCD40-9D7A-4AE4-9AFE-EFA83E9B64A7}.Release|Any CPU.ActiveCfg = Release|Any CPU
		{329FCD40-9D7A-4AE4-9AFE-EFA83E9B64A7}.Release|Any CPU.Build.0 = Release|Any CPU
		{8EB4939A-AC39-4205-9DBF-EF5E64CDD774}.Debug|Any CPU.ActiveCfg = Debug|Any CPU
		{8EB4939A-AC39-4205-9DBF-EF5E64CDD774}.Debug|Any CPU.Build.0 = Debug|Any CPU
		{8EB4939A-AC39-4205-9DBF-EF5E64CDD774}.Release|Any CPU.ActiveCfg = Release|Any CPU
		{8EB4939A-AC39-4205-9DBF-EF5E64CDD774}.Release|Any CPU.Build.0 = Release|Any CPU
		{4750E722-54FF-40FA-821C-8AC14B95419A}.Debug|Any CPU.ActiveCfg = Debug|Any CPU
		{4750E722-54FF-40FA-821C-8AC14B95419A}.Debug|Any CPU.Build.0 = Debug|Any CPU
		{4750E722-54FF-40FA-821C-8AC14B95419A}.Release|Any CPU.ActiveCfg = Release|Any CPU
		{4750E722-54FF-40FA-821C-8AC14B95419A}.Release|Any CPU.Build.0 = Release|Any CPU
		{9C7B1058-2ED9-4823-9A5B-2BDBF0EC1FD8}.Debug|Any CPU.ActiveCfg = Debug|Any CPU
		{9C7B1058-2ED9-4823-9A5B-2BDBF0EC1FD8}.Debug|Any CPU.Build.0 = Debug|Any CPU
		{9C7B1058-2ED9-4823-9A5B-2BDBF0EC1FD8}.Release|Any CPU.ActiveCfg = Release|Any CPU
		{9C7B1058-2ED9-4823-9A5B-2BDBF0EC1FD8}.Release|Any CPU.Build.0 = Release|Any CPU
		{26EB77BF-A23C-43F8-A5DE-1D3221B1EC8B}.Debug|Any CPU.ActiveCfg = Debug|Any CPU
		{26EB77BF-A23C-43F8-A5DE-1D3221B1EC8B}.Debug|Any CPU.Build.0 = Debug|Any CPU
		{26EB77BF-A23C-43F8-A5DE-1D3221B1EC8B}.Release|Any CPU.ActiveCfg = Release|Any CPU
		{26EB77BF-A23C-43F8-A5DE-1D3221B1EC8B}.Release|Any CPU.Build.0 = Release|Any CPU
		{C456115F-6F04-488D-AE48-E9688B8D6EFD}.Debug|Any CPU.ActiveCfg = Debug|Any CPU
		{C456115F-6F04-488D-AE48-E9688B8D6EFD}.Debug|Any CPU.Build.0 = Debug|Any CPU
		{C456115F-6F04-488D-AE48-E9688B8D6EFD}.Release|Any CPU.ActiveCfg = Release|Any CPU
		{C456115F-6F04-488D-AE48-E9688B8D6EFD}.Release|Any CPU.Build.0 = Release|Any CPU
		{85BA2C45-BF52-4120-865A-40BC3272DFC2}.Debug|Any CPU.ActiveCfg = Debug|Any CPU
		{85BA2C45-BF52-4120-865A-40BC3272DFC2}.Debug|Any CPU.Build.0 = Debug|Any CPU
		{85BA2C45-BF52-4120-865A-40BC3272DFC2}.Release|Any CPU.ActiveCfg = Release|Any CPU
		{85BA2C45-BF52-4120-865A-40BC3272DFC2}.Release|Any CPU.Build.0 = Release|Any CPU
	EndGlobalSection
	GlobalSection(SolutionProperties) = preSolution
		HideSolutionNode = FALSE
	EndGlobalSection
	GlobalSection(NestedProjects) = preSolution
		{26EB77BF-A23C-43F8-A5DE-1D3221B1EC8B} = {60C09D40-7440-4280-A97D-75B395700066}
		{9C7B1058-2ED9-4823-9A5B-2BDBF0EC1FD8} = {60C09D40-7440-4280-A97D-75B395700066}
		{CD4ACF27-56DB-4595-B9C3-25F1B2F0E4B5} = {60C09D40-7440-4280-A97D-75B395700066}
		{C456115F-6F04-488D-AE48-E9688B8D6EFD} = {CD4ACF27-56DB-4595-B9C3-25F1B2F0E4B5}
		{8EB4939A-AC39-4205-9DBF-EF5E64CDD774} = {05C3C5FF-6BF5-4D7B-97A8-2C5A0CD66263}
		{2C69101A-609B-4F6E-9B90-2CF851702E09} = {05C3C5FF-6BF5-4D7B-97A8-2C5A0CD66263}
		{4750E722-54FF-40FA-821C-8AC14B95419A} = {2C69101A-609B-4F6E-9B90-2CF851702E09}
		{329FCD40-9D7A-4AE4-9AFE-EFA83E9B64A7} = {B507C9A2-EA38-453A-88A1-169D87EE4E65}
		{85BA2C45-BF52-4120-865A-40BC3272DFC2} = {CD4ACF27-56DB-4595-B9C3-25F1B2F0E4B5}
	EndGlobalSection
EndGlobal
